Microsoft Visual Studio Solution File, Format Version 12.00
# Visual Studio Version 17
VisualStudioVersion = 17.5.2.0
MinimumVisualStudioVersion = 10.0.40219.1
Project("{FAE04EC0-301F-11D3-BF4B-00C04F79EFBC}") = "Sis_Empleados", "Sis_Empleados.csproj", "{57A374F8-6D37-41DE-E50B-B1BC5CB3C73E}"
EndProject
Global
	GlobalSection(SolutionConfigurationPlatforms) = preSolution
		Debug|Any CPU = Debug|Any CPU
		Release|Any CPU = Release|Any CPU
	EndGlobalSection
	GlobalSection(ProjectConfigurationPlatforms) = postSolution
		{57A374F8-6D37-41DE-E50B-B1BC5CB3C73E}.Debug|Any CPU.ActiveCfg = Debug|Any CPU
		{57A374F8-6D37-41DE-E50B-B1BC5CB3C73E}.Debug|Any CPU.Build.0 = Debug|Any CPU
		{57A374F8-6D37-41DE-E50B-B1BC5CB3C73E}.Release|Any CPU.ActiveCfg = Release|Any CPU
		{57A374F8-6D37-41DE-E50B-B1BC5CB3C73E}.Release|Any CPU.Build.0 = Release|Any CPU
	EndGlobalSection
	GlobalSection(SolutionProperties) = preSolution
		HideSolutionNode = FALSE
	EndGlobalSection
	GlobalSection(ExtensibilityGlobals) = postSolution
		SolutionGuid = {6B16003B-6292-4126-AAE1-DCA30FDAE6F0}
	EndGlobalSection
EndGlobal
